
Microsoft Visual Studio Solution File, Format Version 12.00
# Visual Studio 2012
Project("{FAE04EC0-301F-11D3-BF4B-00C04F79EFBC}") = "TJClient", "TJClient\TJClient.csproj", "{C6A70182-CC9D-497F-B5B6-19C21863D869}"
EndProject
Project("{FAE04EC0-301F-11D3-BF4B-00C04F79EFBC}") = "clientDoWebService", "clientDoWebService\clientDoWebService.csproj", "{E382DA74-B936-4469-83EF-B6CB1DEC7757}"
EndProject
Global
	GlobalSection(SolutionConfigurationPlatforms) = preSolution
		Debug|Any CPU = Debug|Any CPU
		Debug|Mixed Platforms = Debug|Mixed Platforms
		Debug|x86 = Debug|x86
		Release|Any CPU = Release|Any CPU
		Release|Mixed Platforms = Release|Mixed Platforms
		Release|x86 = Release|x86
	EndGlobalSection
	GlobalSection(ProjectConfigurationPlatforms) = postSolution
		{C6A70182-CC9D-497F-B5B6-19C21863D869}.Debug|Any CPU.ActiveCfg = Debug|Any CPU
		{C6A70182-CC9D-497F-B5B6-19C21863D869}.Debug|Any CPU.Build.0 = Debug|Any CPU
		{C6A70182-CC9D-497F-B5B6-19C21863D869}.Debug|Mixed Platforms.ActiveCfg = Debug|x86
		{C6A70182-CC9D-497F-B5B6-19C21863D869}.Debug|Mixed Platforms.Build.0 = Debug|x86
		{C6A70182-CC9D-497F-B5B6-19C21863D869}.Debug|x86.ActiveCfg = Debug|x86
		{C6A70182-CC9D-497F-B5B6-19C21863D869}.Debug|x86.Build.0 = Debug|x86
		{C6A70182-CC9D-497F-B5B6-19C21863D869}.Release|Any CPU.ActiveCfg = Release|Any CPU
		{C6A70182-CC9D-497F-B5B6-19C21863D869}.Release|Any CPU.Build.0 = Release|Any CPU
		{C6A70182-CC9D-497F-B5B6-19C21863D869}.Release|Mixed Platforms.ActiveCfg = Release|x86
		{C6A70182-CC9D-497F-B5B6-19C21863D869}.Release|Mixed Platforms.Build.0 = Release|x86
		{C6A70182-CC9D-497F-B5B6-19C21863D869}.Release|x86.ActiveCfg = Release|x86
		{C6A70182-CC9D-497F-B5B6-19C21863D869}.Release|x86.Build.0 = Release|x86
		{E382DA74-B936-4469-83EF-B6CB1DEC7757}.Debug|Any CPU.ActiveCfg = Debug|Any CPU
		{E382DA74-B936-4469-83EF-B6CB1DEC7757}.Debug|Any CPU.Build.0 = Debug|Any CPU
		{E382DA74-B936-4469-83EF-B6CB1DEC7757}.Debug|Mixed Platforms.ActiveCfg = Debug|Any CPU
		{E382DA74-B936-4469-83EF-B6CB1DEC7757}.Debug|Mixed Platforms.Build.0 = Debug|Any CPU
		{E382DA74-B936-4469-83EF-B6CB1DEC7757}.Debug|x86.ActiveCfg = Debug|Any CPU
		{E382DA74-B936-4469-83EF-B6CB1DEC7757}.Release|Any CPU.ActiveCfg = Release|Any CPU
		{E382DA74-B936-4469-83EF-B6CB1DEC7757}.Release|Any CPU.Build.0 = Release|Any CPU
		{E382DA74-B936-4469-83EF-B6CB1DEC7757}.Release|Mixed Platforms.ActiveCfg = Release|Any CPU
		{E382DA74-B936-4469-83EF-B6CB1DEC7757}.Release|Mixed Platforms.Build.0 = Release|Any CPU
		{E382DA74-B936-4469-83EF-B6CB1DEC7757}.Release|x86.ActiveCfg = Release|Any CPU
	EndGlobalSection
	GlobalSection(SolutionProperties) = preSolution
		HideSolutionNode = FALSE
	EndGlobalSection
EndGlobal
